dependencies:
- name: cert-manager
  repository: https://charts.jetstack.io
  version: v1.14.2
- name: reflector
  repository: https://emberstack.github.io/helm-charts
  version: 7.1.238
digest: sha256:e4aa8e94314efa6d2d0ea5ae91a333f4d01e98df4ad6c788774cc7ed76242cf1
generated: "2024-02-20T21:05:23.277557393+02:00"
