dependencies:
- name: fluent-bit
  repository: https://fluent.github.io/helm-charts
  version: 0.43.0
- name: elasticsearch
  repository: https://helm.elastic.co
  version: 7.17.3
- name: kibana
  repository: https://helm.elastic.co
  version: 7.17.3
digest: sha256:d0d38efa0a92a399859d86e257c8b3e8d0af723f5ae0b78f90d7d25cef3b27f3
generated: "2024-02-18T18:35:13.101532439+02:00"
