dependencies:
- name: elasticsearch
  repository: https://charts.bitnami.com/bitnami
  version: 19.18.0
- name: fluent-bit
  repository: https://fluent.github.io/helm-charts
  version: 0.43.0
digest: sha256:8b32154b941497384bbed54a5e587c3c41c0fa082aa4b74b609f9a10224bdd7b
generated: "2024-02-18T17:08:29.251774299+02:00"
